// !$*UTF8*$!
{
	archiveVersion = 1;
	classes = {
	};
	objectVersion = 48;
	objects = {

/* Begin PBXBuildFile section */
		04A4CFC721C0D11D006BD945 /* NSUserDefaults+Category.m in Sources */ = {isa = PBXBuildFile; fileRef = 04A4CF2B21C0D11D006BD945 /* NSUserDefaults+Category.m */; };
		04A4CFC821C0D11D006BD945 /* NSURL+Category.m in Sources */ = {isa = PBXBuildFile; fileRef = 04A4CF2C21C0D11D006BD945 /* NSURL+Category.m */; };
		04A4CFC921C0D11D006BD945 /* NSDate+Extension.m in Sources */ = {isa = PBXBuildFile; fileRef = 04A4CF2D21C0D11D006BD945 /* NSDate+Extension.m */; };
		04A4CFCA21C0D11D006BD945 /* NSString+Extension.m in Sources */ = {isa = PBXBuildFile; fileRef = 04A4CF2E21C0D11D006BD945 /* NSString+Extension.m */; };
		04A4CFCB21C0D11D006BD945 /* NSDictionary+Category.m in Sources */ = {isa = PBXBuildFile; fileRef = 04A4CF2F21C0D11D006BD945 /* NSDictionary+Category.m */; };
		04A4CFD421C0D11D006BD945 /* UIView+SubView.m in Sources */ = {isa = PBXBuildFile; fileRef = 04A4CF5021C0D11D006BD945 /* UIView+SubView.m */; };
		04A4CFD521C0D11D006BD945 /* UIImage+Category.m in Sources */ = {isa = PBXBuildFile; fileRef = 04A4CF5221C0D11D006BD945 /* UIImage+Category.m */; };
		04A4CFD621C0D11D006BD945 /* UITabBar+Category.m in Sources */ = {isa = PBXBuildFile; fileRef = 04A4CF5421C0D11D006BD945 /* UITabBar+Category.m */; };
		04A4CFD721C0D11D006BD945 /* UIButton+Category.m in Sources */ = {isa = PBXBuildFile; fileRef = 04A4CF5521C0D11D006BD945 /* UIButton+Category.m */; };
		04A4CFD821C0D11D006BD945 /* UIView+Category.m in Sources */ = {isa = PBXBuildFile; fileRef = 04A4CF5721C0D11D006BD945 /* UIView+Category.m */; };
		04A4CFDA21C0D11D006BD945 /* UILabel+Compute.m in Sources */ = {isa = PBXBuildFile; fileRef = 04A4CF5A21C0D11D006BD945 /* UILabel+Compute.m */; };
		04A4CFDB21C0D11D006BD945 /* UIViewController+Category.m in Sources */ = {isa = PBXBuildFile; fileRef = 04A4CF5B21C0D11D006BD945 /* UIViewController+Category.m */; };
		04A4CFDC21C0D11D006BD945 /* UITableView+EmptyData.m in Sources */ = {isa = PBXBuildFile; fileRef = 04A4CF5E21C0D11D006BD945 /* UITableView+EmptyData.m */; };
		04A4CFDD21C0D11D006BD945 /* UIColor+Category.m in Sources */ = {isa = PBXBuildFile; fileRef = 04A4CF6021C0D11D006BD945 /* UIColor+Category.m */; };
		6ACA32B2224DF7E60016E7A6 /* AppDelegate.m in Sources */ = {isa = PBXBuildFile; fileRef = 6ACA32B1224DF7E60016E7A6 /* AppDelegate.m */; };
		7E1090A3EA634026F4058C9C /* Pods_Project.framework in Frameworks */ = {isa = PBXBuildFile; fileRef = 038C122068CBEE2AF9A02D05 /* Pods_Project.framework */; };
		A102057B214CB5F700EB3750 /* MineViewController.mm in Sources */ = {isa = PBXBuildFile; fileRef = A1020579214CB5F700EB3750 /* MineViewController.mm */; };
		A102057C214CB5F700EB3750 /* MineViewController.xib in Resources */ = {isa = PBXBuildFile; fileRef = A102057A214CB5F700EB3750 /* MineViewController.xib */; };
		A113286C21A3DAC600E0597E /* TestViewController.m in Sources */ = {isa = PBXBuildFile; fileRef = A113286A21A3DAC600E0597E /* TestViewController.m */; };
		A113286D21A3DAC600E0597E /* TestViewController.xib in Resources */ = {isa = PBXBuildFile; fileRef = A113286B21A3DAC600E0597E /* TestViewController.xib */; };
		A113287121A3DADC00E0597E /* TestTableViewCell.m in Sources */ = {isa = PBXBuildFile; fileRef = A113286F21A3DADC00E0597E /* TestTableViewCell.m */; };
		A113287221A3DADC00E0597E /* TestTableViewCell.xib in Resources */ = {isa = PBXBuildFile; fileRef = A113287021A3DADC00E0597E /* TestTableViewCell.xib */; };
		A14FBBB81F78D0C60063B3F7 /* Assets.xcassets in Resources */ = {isa = PBXBuildFile; fileRef = A14FBBB71F78D0C60063B3F7 /* Assets.xcassets */; };
		A14FBBBB1F78D0C60063B3F7 /* LaunchScreen.storyboard in Resources */ = {isa = PBXBuildFile; fileRef = A14FBBB91F78D0C60063B3F7 /* LaunchScreen.storyboard */; };
		A14FBBBE1F78D0C60063B3F7 /* main.m in Sources */ = {isa = PBXBuildFile; fileRef = A14FBBBD1F78D0C60063B3F7 /* main.m */; };
		A14FBBEB1F78D4A00063B3F7 /* HomeViewController.m in Sources */ = {isa = PBXBuildFile; fileRef = A14FBBE41F78D43A0063B3F7 /* HomeViewController.m */; };
		A14FBBEC1F78D4A00063B3F7 /* MainTabBarController.m in Sources */ = {isa = PBXBuildFile; fileRef = A14FBBE31F78D43A0063B3F7 /* MainTabBarController.m */; };
		A14FBBEE1F78D4A00063B3F7 /* SweepViewController.m in Sources */ = {isa = PBXBuildFile; fileRef = A14FBBE11F78D43A0063B3F7 /* SweepViewController.m */; };
/* End PBXBuildFile section */

/* Begin PBXFileReference section */
		038C122068CBEE2AF9A02D05 /* Pods_Project.framework */ = {isa = PBXFileReference; explicitFileType = wrapper.framework; includeInIndex = 0; path = Pods_Project.framework; sourceTree = BUILT_PRODUCTS_DIR; };
		04A4CF2721C0D11D006BD945 /* NSURL+Category.h */ = {isa = PBXFileReference; fileEncoding = 4; lastKnownFileType = sourcecode.c.h; path = "NSURL+Category.h"; sourceTree = "<group>"; };
		04A4CF2821C0D11D006BD945 /* NSString+Extension.h */ = {isa = PBXFileReference; fileEncoding = 4; lastKnownFileType = sourcecode.c.h; path = "NSString+Extension.h"; sourceTree = "<group>"; };
		04A4CF2921C0D11D006BD945 /* NSDate+Extension.h */ = {isa = PBXFileReference; fileEncoding = 4; lastKnownFileType = sourcecode.c.h; path = "NSDate+Extension.h"; sourceTree = "<group>"; };
		04A4CF2A21C0D11D006BD945 /* NSDictionary+Category.h */ = {isa = PBXFileReference; fileEncoding = 4; lastKnownFileType = sourcecode.c.h; path = "NSDictionary+Category.h"; sourceTree = "<group>"; };
		04A4CF2B21C0D11D006BD945 /* NSUserDefaults+Category.m */ = {isa = PBXFileReference; fileEncoding = 4; lastKnownFileType = sourcecode.c.objc; path = "NSUserDefaults+Category.m"; sourceTree = "<group>"; };
		04A4CF2C21C0D11D006BD945 /* NSURL+Category.m */ = {isa = PBXFileReference; fileEncoding = 4; lastKnownFileType = sourcecode.c.objc; path = "NSURL+Category.m"; sourceTree = "<group>"; };
		04A4CF2D21C0D11D006BD945 /* NSDate+Extension.m */ = {isa = PBXFileReference; fileEncoding = 4; lastKnownFileType = sourcecode.c.objc; path = "NSDate+Extension.m"; sourceTree = "<group>"; };
		04A4CF2E21C0D11D006BD945 /* NSString+Extension.m */ = {isa = PBXFileReference; fileEncoding = 4; lastKnownFileType = sourcecode.c.objc; path = "NSString+Extension.m"; sourceTree = "<group>"; };
		04A4CF2F21C0D11D006BD945 /* NSDictionary+Category.m */ = {isa = PBXFileReference; fileEncoding = 4; lastKnownFileType = sourcecode.c.objc; path = "NSDictionary+Category.m"; sourceTree = "<group>"; };
		04A4CF3021C0D11D006BD945 /* NSUserDefaults+Category.h */ = {isa = PBXFileReference; fileEncoding = 4; lastKnownFileType = sourcecode.c.h; path = "NSUserDefaults+Category.h"; sourceTree = "<group>"; };
		04A4CF4921C0D11D006BD945 /* PrefixHeader.pch */ = {isa = PBXFileReference; fileEncoding = 4; lastKnownFileType = sourcecode.c.h; path = PrefixHeader.pch; sourceTree = "<group>"; };
		04A4CF4F21C0D11D006BD945 /* UILabel+Compute.h */ = {isa = PBXFileReference; fileEncoding = 4; lastKnownFileType = sourcecode.c.h; path = "UILabel+Compute.h"; sourceTree = "<group>"; };
		04A4CF5021C0D11D006BD945 /* UIView+SubView.m */ = {isa = PBXFileReference; fileEncoding = 4; lastKnownFileType = sourcecode.c.objc; path = "UIView+SubView.m"; sourceTree = "<group>"; };
		04A4CF5121C0D11D006BD945 /* UITableView+EmptyData.h */ = {isa = PBXFileReference; fileEncoding = 4; lastKnownFileType = sourcecode.c.h; path = "UITableView+EmptyData.h"; sourceTree = "<group>"; };
		04A4CF5221C0D11D006BD945 /* UIImage+Category.m */ = {isa = PBXFileReference; fileEncoding = 4; lastKnownFileType = sourcecode.c.objc; path = "UIImage+Category.m"; sourceTree = "<group>"; };
		04A4CF5321C0D11D006BD945 /* UIViewController+Category.h */ = {isa = PBXFileReference; fileEncoding = 4; lastKnownFileType = sourcecode.c.h; path = "UIViewController+Category.h"; sourceTree = "<group>"; };
		04A4CF5421C0D11D006BD945 /* UITabBar+Category.m */ = {isa = PBXFileReference; fileEncoding = 4; lastKnownFileType = sourcecode.c.objc; path = "UITabBar+Category.m"; sourceTree = "<group>"; };
		04A4CF5521C0D11D006BD945 /* UIButton+Category.m */ = {isa = PBXFileReference; fileEncoding = 4; lastKnownFileType = sourcecode.c.objc; path = "UIButton+Category.m"; sourceTree = "<group>"; };
		04A4CF5621C0D11D006BD945 /* UIColor+Category.h */ = {isa = PBXFileReference; fileEncoding = 4; lastKnownFileType = sourcecode.c.h; path = "UIColor+Category.h"; sourceTree = "<group>"; };
		04A4CF5721C0D11D006BD945 /* UIView+Category.m */ = {isa = PBXFileReference; fileEncoding = 4; lastKnownFileType = sourcecode.c.objc; path = "UIView+Category.m"; sourceTree = "<group>"; };
		04A4CF5921C0D11D006BD945 /* UIView+SubView.h */ = {isa = PBXFileReference; fileEncoding = 4; lastKnownFileType = sourcecode.c.h; path = "UIView+SubView.h"; sourceTree = "<group>"; };
		04A4CF5A21C0D11D006BD945 /* UILabel+Compute.m */ = {isa = PBXFileReference; fileEncoding = 4; lastKnownFileType = sourcecode.c.objc; path = "UILabel+Compute.m"; sourceTree = "<group>"; };
		04A4CF5B21C0D11D006BD945 /* UIViewController+Category.m */ = {isa = PBXFileReference; fileEncoding = 4; lastKnownFileType = sourcecode.c.objc; path = "UIViewController+Category.m"; sourceTree = "<group>"; };
		04A4CF5C21C0D11D006BD945 /* UITabBar+Category.h */ = {isa = PBXFileReference; fileEncoding = 4; lastKnownFileType = sourcecode.c.h; path = "UITabBar+Category.h"; sourceTree = "<group>"; };
		04A4CF5D21C0D11D006BD945 /* UIImage+Category.h */ = {isa = PBXFileReference; fileEncoding = 4; lastKnownFileType = sourcecode.c.h; path = "UIImage+Category.h"; sourceTree = "<group>"; };
		04A4CF5E21C0D11D006BD945 /* UITableView+EmptyData.m */ = {isa = PBXFileReference; fileEncoding = 4; lastKnownFileType = sourcecode.c.objc; path = "UITableView+EmptyData.m"; sourceTree = "<group>"; };
		04A4CF6021C0D11D006BD945 /* UIColor+Category.m */ = {isa = PBXFileReference; fileEncoding = 4; lastKnownFileType = sourcecode.c.objc; path = "UIColor+Category.m"; sourceTree = "<group>"; };
		04A4CF6121C0D11D006BD945 /* UIView+Category.h */ = {isa = PBXFileReference; fileEncoding = 4; lastKnownFileType = sourcecode.c.h; path = "UIView+Category.h"; sourceTree = "<group>"; };
		04A4CF6221C0D11D006BD945 /* UIButton+Category.h */ = {isa = PBXFileReference; fileEncoding = 4; lastKnownFileType = sourcecode.c.h; path = "UIButton+Category.h"; sourceTree = "<group>"; };
		4A9F617B8DD73AECB4854DA0 /* Pods-Project.release.xcconfig */ = {isa = PBXFileReference; includeInIndex = 1; lastKnownFileType = text.xcconfig; name = "Pods-Project.release.xcconfig"; path = "Pods/Target Support Files/Pods-Project/Pods-Project.release.xcconfig"; sourceTree = "<group>"; };
		6A6E09AD224B8A2F002A9013 /* YZPHeader.h */ = {isa = PBXFileReference; fileEncoding = 4; lastKnownFileType = sourcecode.c.h; path = YZPHeader.h; sourceTree = "<group>"; };
		6ACA32B0224DF7E60016E7A6 /* AppDelegate.h */ = {isa = PBXFileReference; fileEncoding = 4; lastKnownFileType = sourcecode.c.h; path = AppDelegate.h; sourceTree = "<group>"; };
		6ACA32B1224DF7E60016E7A6 /* AppDelegate.m */ = {isa = PBXFileReference; fileEncoding = 4; lastKnownFileType = sourcecode.c.objc; path = AppDelegate.m; sourceTree = "<group>"; };
		A1020578214CB5F700EB3750 /* MineViewController.h */ = {isa = PBXFileReference; lastKnownFileType = sourcecode.c.h; path = MineViewController.h; sourceTree = "<group>"; };
		A1020579214CB5F700EB3750 /* MineViewController.mm */ = {isa = PBXFileReference; lastKnownFileType = sourcecode.cpp.objcpp; path = MineViewController.mm; sourceTree = "<group>"; };
		A102057A214CB5F700EB3750 /* MineViewController.xib */ = {isa = PBXFileReference; lastKnownFileType = file.xib; path = MineViewController.xib; sourceTree = "<group>"; };
		A113286921A3DAC600E0597E /* TestViewController.h */ = {isa = PBXFileReference; lastKnownFileType = sourcecode.c.h; path = TestViewController.h; sourceTree = "<group>"; };
		A113286A21A3DAC600E0597E /* TestViewController.m */ = {isa = PBXFileReference; lastKnownFileType = sourcecode.c.objc; path = TestViewController.m; sourceTree = "<group>"; };
		A113286B21A3DAC600E0597E /* TestViewController.xib */ = {isa = PBXFileReference; lastKnownFileType = file.xib; path = TestViewController.xib; sourceTree = "<group>"; };
		A113286E21A3DADC00E0597E /* TestTableViewCell.h */ = {isa = PBXFileReference; lastKnownFileType = sourcecode.c.h; path = TestTableViewCell.h; sourceTree = "<group>"; };
		A113286F21A3DADC00E0597E /* TestTableViewCell.m */ = {isa = PBXFileReference; lastKnownFileType = sourcecode.c.objc; path = TestTableViewCell.m; sourceTree = "<group>"; };
		A113287021A3DADC00E0597E /* TestTableViewCell.xib */ = {isa = PBXFileReference; lastKnownFileType = file.xib; path = TestTableViewCell.xib; sourceTree = "<group>"; };
		A14FBBAB1F78D0C60063B3F7 /* Project.app */ = {isa = PBXFileReference; explicitFileType = wrapper.application; includeInIndex = 0; path = Project.app; sourceTree = BUILT_PRODUCTS_DIR; };
		A14FBBB71F78D0C60063B3F7 /* Assets.xcassets */ = {isa = PBXFileReference; lastKnownFileType = folder.assetcatalog; path = Assets.xcassets; sourceTree = "<group>"; };
		A14FBBBA1F78D0C60063B3F7 /* Base */ = {isa = PBXFileReference; lastKnownFileType = file.storyboard; name = Base; path = Base.lproj/LaunchScreen.storyboard; sourceTree = "<group>"; };
		A14FBBBC1F78D0C60063B3F7 /* Info.plist */ = {isa = PBXFileReference; lastKnownFileType = text.plist.xml; path = Info.plist; sourceTree = "<group>"; };
		A14FBBBD1F78D0C60063B3F7 /* main.m */ = {isa = PBXFileReference; lastKnownFileType = sourcecode.c.objc; path = main.m; sourceTree = "<group>"; };
		A14FBBDE1F78D43A0063B3F7 /* SweepViewController.h */ = {isa = PBXFileReference; lastKnownFileType = sourcecode.c.h; path = SweepViewController.h; sourceTree = "<group>"; };
		A14FBBE01F78D43A0063B3F7 /* HomeViewController.h */ = {isa = PBXFileReference; lastKnownFileType = sourcecode.c.h; path = HomeViewController.h; sourceTree = "<group>"; };
		A14FBBE11F78D43A0063B3F7 /* SweepViewController.m */ = {isa = PBXFileReference; lastKnownFileType = sourcecode.c.objc; path = SweepViewController.m; sourceTree = "<group>"; };
		A14FBBE31F78D43A0063B3F7 /* MainTabBarController.m */ = {isa = PBXFileReference; lastKnownFileType = sourcecode.c.objc; path = MainTabBarController.m; sourceTree = "<group>"; };
		A14FBBE41F78D43A0063B3F7 /* HomeViewController.m */ = {isa = PBXFileReference; lastKnownFileType = sourcecode.c.objc; path = HomeViewController.m; sourceTree = "<group>"; };
		A14FBBE61F78D43A0063B3F7 /* MainTabBarController.h */ = {isa = PBXFileReference; lastKnownFileType = sourcecode.c.h; path = MainTabBarController.h; sourceTree = "<group>"; };
		B6400D8680DD1D1244466BAF /* Pods-Project.debug.xcconfig */ = {isa = PBXFileReference; includeInIndex = 1; lastKnownFileType = text.xcconfig; name = "Pods-Project.debug.xcconfig"; path = "Pods/Target Support Files/Pods-Project/Pods-Project.debug.xcconfig"; sourceTree = "<group>"; };
/* End PBXFileReference section */

/* Begin PBXFrameworksBuildPhase section */
		A14FBBA81F78D0C60063B3F7 /* Frameworks */ = {
			isa = PBXFrameworksBuildPhase;
			buildActionMask = 2147483647;
			files = (
				7E1090A3EA634026F4058C9C /* Pods_Project.framework in Frameworks */,
			);
			runOnlyForDeploymentPostprocessing = 0;
		};
/* End PBXFrameworksBuildPhase section */

/* Begin PBXGroup section */
		04A4CF2521C0D11D006BD945 /* YZPClass */ = {
			isa = PBXGroup;
			children = (
				6A6E09AD224B8A2F002A9013 /* YZPHeader.h */,
				04A4CF2621C0D11D006BD945 /* Foundation+ */,
				04A4CF4E21C0D11D006BD945 /* UIKit+ */,
			);
			path = YZPClass;
			sourceTree = SOURCE_ROOT;
		};
		04A4CF2621C0D11D006BD945 /* Foundation+ */ = {
			isa = PBXGroup;
			children = (
				04A4CF2721C0D11D006BD945 /* NSURL+Category.h */,
				04A4CF2C21C0D11D006BD945 /* NSURL+Category.m */,
				04A4CF2821C0D11D006BD945 /* NSString+Extension.h */,
				04A4CF2E21C0D11D006BD945 /* NSString+Extension.m */,
				04A4CF3021C0D11D006BD945 /* NSUserDefaults+Category.h */,
				04A4CF2B21C0D11D006BD945 /* NSUserDefaults+Category.m */,
				04A4CF2921C0D11D006BD945 /* NSDate+Extension.h */,
				04A4CF2D21C0D11D006BD945 /* NSDate+Extension.m */,
				04A4CF2A21C0D11D006BD945 /* NSDictionary+Category.h */,
				04A4CF2F21C0D11D006BD945 /* NSDictionary+Category.m */,
			);
			path = "Foundation+";
			sourceTree = "<group>";
		};
		04A4CF4E21C0D11D006BD945 /* UIKit+ */ = {
			isa = PBXGroup;
			children = (
				04A4CF4F21C0D11D006BD945 /* UILabel+Compute.h */,
				04A4CF5A21C0D11D006BD945 /* UILabel+Compute.m */,
				04A4CF5921C0D11D006BD945 /* UIView+SubView.h */,
				04A4CF5021C0D11D006BD945 /* UIView+SubView.m */,
				04A4CF5121C0D11D006BD945 /* UITableView+EmptyData.h */,
				04A4CF5E21C0D11D006BD945 /* UITableView+EmptyData.m */,
				04A4CF5221C0D11D006BD945 /* UIImage+Category.m */,
				04A4CF5421C0D11D006BD945 /* UITabBar+Category.m */,
				04A4CF6221C0D11D006BD945 /* UIButton+Category.h */,
				04A4CF5521C0D11D006BD945 /* UIButton+Category.m */,
				04A4CF5621C0D11D006BD945 /* UIColor+Category.h */,
				04A4CF6021C0D11D006BD945 /* UIColor+Category.m */,
				04A4CF5321C0D11D006BD945 /* UIViewController+Category.h */,
				04A4CF5B21C0D11D006BD945 /* UIViewController+Category.m */,
				04A4CF5C21C0D11D006BD945 /* UITabBar+Category.h */,
				04A4CF5D21C0D11D006BD945 /* UIImage+Category.h */,
				04A4CF6121C0D11D006BD945 /* UIView+Category.h */,
				04A4CF5721C0D11D006BD945 /* UIView+Category.m */,
			);
			path = "UIKit+";
			sourceTree = "<group>";
		};
		6BD32BA2D495E7CCA3F5B7BC /* Frameworks */ = {
			isa = PBXGroup;
			children = (
				038C122068CBEE2AF9A02D05 /* Pods_Project.framework */,
			);
			name = Frameworks;
			sourceTree = "<group>";
		};
		A14FBBA21F78D0C60063B3F7 = {
			isa = PBXGroup;
			children = (
				A14FBBAD1F78D0C60063B3F7 /* Project */,
				A14FBBAC1F78D0C60063B3F7 /* Products */,
				BAC6F962DE5872C876F89ABC /* Pods */,
				6BD32BA2D495E7CCA3F5B7BC /* Frameworks */,
			);
			sourceTree = "<group>";
		};
		A14FBBAC1F78D0C60063B3F7 /* Products */ = {
			isa = PBXGroup;
			children = (
				A14FBBAB1F78D0C60063B3F7 /* Project.app */,
			);
			name = Products;
			sourceTree = "<group>";
		};
		A14FBBAD1F78D0C60063B3F7 /* Project */ = {
			isa = PBXGroup;
			children = (
				04A4CF2521C0D11D006BD945 /* YZPClass */,
				A14FBBDC1F78D3E00063B3F7 /* Other */,
				A14FBBDD1F78D41F0063B3F7 /* UI */,
			);
			path = Project;
			sourceTree = "<group>";
		};
		A14FBBDC1F78D3E00063B3F7 /* Other */ = {
			isa = PBXGroup;
			children = (
				6ACA32B0224DF7E60016E7A6 /* AppDelegate.h */,
				6ACA32B1224DF7E60016E7A6 /* AppDelegate.m */,
				A14FBBB71F78D0C60063B3F7 /* Assets.xcassets */,
				A14FBBB91F78D0C60063B3F7 /* LaunchScreen.storyboard */,
				04A4CF4921C0D11D006BD945 /* PrefixHeader.pch */,
				A14FBBBC1F78D0C60063B3F7 /* Info.plist */,
				A14FBBBD1F78D0C60063B3F7 /* main.m */,
			);
			path = Other;
			sourceTree = "<group>";
		};
		A14FBBDD1F78D41F0063B3F7 /* UI */ = {
			isa = PBXGroup;
			children = (
				A14FBBE61F78D43A0063B3F7 /* MainTabBarController.h */,
				A14FBBE31F78D43A0063B3F7 /* MainTabBarController.m */,
				A14FBBE01F78D43A0063B3F7 /* HomeViewController.h */,
				A14FBBE41F78D43A0063B3F7 /* HomeViewController.m */,
				A1020578214CB5F700EB3750 /* MineViewController.h */,
				A1020579214CB5F700EB3750 /* MineViewController.mm */,
				A102057A214CB5F700EB3750 /* MineViewController.xib */,
				A14FBBDE1F78D43A0063B3F7 /* SweepViewController.h */,
				A14FBBE11F78D43A0063B3F7 /* SweepViewController.m */,
				A113286921A3DAC600E0597E /* TestViewController.h */,
				A113286A21A3DAC600E0597E /* TestViewController.m */,
				A113286B21A3DAC600E0597E /* TestViewController.xib */,
				A113286E21A3DADC00E0597E /* TestTableViewCell.h */,
				A113286F21A3DADC00E0597E /* TestTableViewCell.m */,
				A113287021A3DADC00E0597E /* TestTableViewCell.xib */,
			);
			path = UI;
			sourceTree = "<group>";
		};
		BAC6F962DE5872C876F89ABC /* Pods */ = {
			isa = PBXGroup;
			children = (
				B6400D8680DD1D1244466BAF /* Pods-Project.debug.xcconfig */,
				4A9F617B8DD73AECB4854DA0 /* Pods-Project.release.xcconfig */,
			);
			name = Pods;
			sourceTree = "<group>";
		};
/* End PBXGroup section */

/* Begin PBXNativeTarget section */
		A14FBBAA1F78D0C60063B3F7 /* Project */ = {
			isa = PBXNativeTarget;
			buildConfigurationList = A14FBBC11F78D0C60063B3F7 /* Build configuration list for PBXNativeTarget "Project" */;
			buildPhases = (
				41832C12F14F86615C703A38 /* [CP] Check Pods Manifest.lock */,
				A14FBBA71F78D0C60063B3F7 /* Sources */,
				A14FBBA81F78D0C60063B3F7 /* Frameworks */,
				A14FBBA91F78D0C60063B3F7 /* Resources */,
				43D60EDA2D939405A792F116 /* [CP] Embed Pods Frameworks */,
				4B30F9CA930C033D8739AFCC /* [CP] Copy Pods Resources */,
			);
			buildRules = (
			);
			dependencies = (
			);
			name = Project;
			productName = Project;
			productReference = A14FBBAB1F78D0C60063B3F7 /* Project.app */;
			productType = "com.apple.product-type.application";
		};
/* End PBXNativeTarget section */

/* Begin PBXProject section */
		A14FBBA31F78D0C60063B3F7 /* Project object */ = {
			isa = PBXProject;
			attributes = {
				LastUpgradeCheck = 0930;
				ORGANIZATIONNAME = "北京惠发科技有限公司";
				TargetAttributes = {
					A14FBBAA1F78D0C60063B3F7 = {
						CreatedOnToolsVersion = 9.0;
						ProvisioningStyle = Automatic;
					};
				};
			};
			buildConfigurationList = A14FBBA61F78D0C60063B3F7 /* Build configuration list for PBXProject "Project" */;
			compatibilityVersion = "Xcode 8.0";
			developmentRegion = en;
			hasScannedForEncodings = 0;
			knownRegions = (
				en,
				Base,
			);
			mainGroup = A14FBBA21F78D0C60063B3F7;
			productRefGroup = A14FBBAC1F78D0C60063B3F7 /* Products */;
			projectDirPath = "";
			projectRoot = "";
			targets = (
				A14FBBAA1F78D0C60063B3F7 /* Project */,
			);
		};
/* End PBXProject section */

/* Begin PBXResourcesBuildPhase section */
		A14FBBA91F78D0C60063B3F7 /* Resources */ = {
			isa = PBXResourcesBuildPhase;
			buildActionMask = 2147483647;
			files = (
				A113286D21A3DAC600E0597E /* TestViewController.xib in Resources */,
				A14FBBBB1F78D0C60063B3F7 /* LaunchScreen.storyboard in Resources */,
				A113287221A3DADC00E0597E /* TestTableViewCell.xib in Resources */,
				A14FBBB81F78D0C60063B3F7 /* Assets.xcassets in Resources */,
				A102057C214CB5F700EB3750 /* MineViewController.xib in Resources */,
			);
			runOnlyForDeploymentPostprocessing = 0;
		};
/* End PBXResourcesBuildPhase section */

/* Begin PBXShellScriptBuildPhase section */
		41832C12F14F86615C703A38 /* [CP] Check Pods Manifest.lock */ = {
			isa = PBXShellScriptBuildPhase;
			buildActionMask = 2147483647;
			files = (
			);
			inputPaths = (
				"${PODS_PODFILE_DIR_PATH}/Podfile.lock",
				"${PODS_ROOT}/Manifest.lock",
			);
			name = "[CP] Check Pods Manifest.lock";
			outputPaths = (
				"$(DERIVED_FILE_DIR)/Pods-Project-checkManifestLockResult.txt",
			);
			runOnlyForDeploymentPostprocessing = 0;
			shellPath = /bin/sh;
			shellScript = "diff \"${PODS_PODFILE_DIR_PATH}/Podfile.lock\" \"${PODS_ROOT}/Manifest.lock\" > /dev/null\nif [ $? != 0 ] ; then\n    # print error to STDERR\n    echo \"error: The sandbox is not in sync with the Podfile.lock. Run 'pod install' or update your CocoaPods installation.\" >&2\n    exit 1\nfi\n# This output is used by Xcode 'outputs' to avoid re-running this script phase.\necho \"SUCCESS\" > \"${SCRIPT_OUTPUT_FILE_0}\"\n";
			showEnvVarsInLog = 0;
		};
		43D60EDA2D939405A792F116 /* [CP] Embed Pods Frameworks */ = {
			isa = PBXShellScriptBuildPhase;
			buildActionMask = 2147483647;
			files = (
			);
			inputPaths = (
				"${PODS_ROOT}/Target Support Files/Pods-Project/Pods-Project-frameworks.sh",
				"${BUILT_PRODUCTS_DIR}/AFNetworking/AFNetworking.framework",
				"${BUILT_PRODUCTS_DIR}/FDFullscreenPopGesture/FDFullscreenPopGesture.framework",
				"${BUILT_PRODUCTS_DIR}/FMDB/FMDB.framework",
				"${BUILT_PRODUCTS_DIR}/IQKeyboardManager/IQKeyboardManager.framework",
				"${BUILT_PRODUCTS_DIR}/MJExtension/MJExtension.framework",
				"${BUILT_PRODUCTS_DIR}/MJRefresh/MJRefresh.framework",
				"${BUILT_PRODUCTS_DIR}/Masonry/Masonry.framework",
				"${BUILT_PRODUCTS_DIR}/SDCycleScrollView/SDCycleScrollView.framework",
				"${BUILT_PRODUCTS_DIR}/SDWebImage/SDWebImage.framework",
				"${BUILT_PRODUCTS_DIR}/STPopup/STPopup.framework",
				"${BUILT_PRODUCTS_DIR}/SVProgressHUD/SVProgressHUD.framework",
				"${BUILT_PRODUCTS_DIR}/TZImagePickerController/TZImagePickerController.framework",
				"${BUILT_PRODUCTS_DIR}/UITableView+FDTemplateLayoutCell/UITableView_FDTemplateLayoutCell.framework",
				"${BUILT_PRODUCTS_DIR}/YYCache/YYCache.framework",
			);
			name = "[CP] Embed Pods Frameworks";
			outputPaths = (
				"${TARGET_BUILD_DIR}/${FRAMEWORKS_FOLDER_PATH}/AFNetworking.framework",
				"${TARGET_BUILD_DIR}/${FRAMEWORKS_FOLDER_PATH}/FDFullscreenPopGesture.framework",
				"${TARGET_BUILD_DIR}/${FRAMEWORKS_FOLDER_PATH}/FMDB.framework",
				"${TARGET_BUILD_DIR}/${FRAMEWORKS_FOLDER_PATH}/IQKeyboardManager.framework",
				"${TARGET_BUILD_DIR}/${FRAMEWORKS_FOLDER_PATH}/MJExtension.framework",
				"${TARGET_BUILD_DIR}/${FRAMEWORKS_FOLDER_PATH}/MJRefresh.framework",
				"${TARGET_BUILD_DIR}/${FRAMEWORKS_FOLDER_PATH}/Masonry.framework",
				"${TARGET_BUILD_DIR}/${FRAMEWORKS_FOLDER_PATH}/SDCycleScrollView.framework",
				"${TARGET_BUILD_DIR}/${FRAMEWORKS_FOLDER_PATH}/SDWebImage.framework",
				"${TARGET_BUILD_DIR}/${FRAMEWORKS_FOLDER_PATH}/STPopup.framework",
				"${TARGET_BUILD_DIR}/${FRAMEWORKS_FOLDER_PATH}/SVProgressHUD.framework",
				"${TARGET_BUILD_DIR}/${FRAMEWORKS_FOLDER_PATH}/TZImagePickerController.framework",
				"${TARGET_BUILD_DIR}/${FRAMEWORKS_FOLDER_PATH}/UITableView_FDTemplateLayoutCell.framework",
				"${TARGET_BUILD_DIR}/${FRAMEWORKS_FOLDER_PATH}/YYCache.framework",
			);
			runOnlyForDeploymentPostprocessing = 0;
			shellPath = /bin/sh;
			shellScript = "\"${PODS_ROOT}/Target Support Files/Pods-Project/Pods-Project-frameworks.sh\"\n";
			showEnvVarsInLog = 0;
		};
		4B30F9CA930C033D8739AFCC /* [CP] Copy Pods Resources */ = {
			isa = PBXShellScriptBuildPhase;
			buildActionMask = 2147483647;
			files = (
			);
			inputPaths = (
				"${PODS_ROOT}/Target Support Files/Pods-Project/Pods-Project-resources.sh",
				"${PODS_ROOT}/AlipaySDK-2.0/AlipaySDK.bundle",
				"${PODS_ROOT}/UMengUShare/UShareSDK/UMSocialSDK/UMSocialSDKPromptResources.bundle",
			);
			name = "[CP] Copy Pods Resources";
			outputPaths = (
				"${TARGET_BUILD_DIR}/${UNLOCALIZED_RESOURCES_FOLDER_PATH}/AlipaySDK.bundle",
				"${TARGET_BUILD_DIR}/${UNLOCALIZED_RESOURCES_FOLDER_PATH}/UMSocialSDKPromptResources.bundle",
			);
			runOnlyForDeploymentPostprocessing = 0;
			shellPath = /bin/sh;
			shellScript = "\"${PODS_ROOT}/Target Support Files/Pods-Project/Pods-Project-resources.sh\"\n";
			showEnvVarsInLog = 0;
		};
/* End PBXShellScriptBuildPhase section */

/* Begin PBXSourcesBuildPhase section */
		A14FBBA71F78D0C60063B3F7 /* Sources */ = {
			isa = PBXSourcesBuildPhase;
			buildActionMask = 2147483647;
			files = (
				6ACA32B2224DF7E60016E7A6 /* AppDelegate.m in Sources */,
				A102057B214CB5F700EB3750 /* MineViewController.mm in Sources */,
				A14FBBEB1F78D4A00063B3F7 /* HomeViewController.m in Sources */,
				04A4CFDD21C0D11D006BD945 /* UIColor+Category.m in Sources */,
				04A4CFC921C0D11D006BD945 /* NSDate+Extension.m in Sources */,
				04A4CFD721C0D11D006BD945 /* UIButton+Category.m in Sources */,
				04A4CFD821C0D11D006BD945 /* UIView+Category.m in Sources */,
				A14FBBEC1F78D4A00063B3F7 /* MainTabBarController.m in Sources */,
				A113286C21A3DAC600E0597E /* TestViewController.m in Sources */,
				04A4CFDB21C0D11D006BD945 /* UIViewController+Category.m in Sources */,
				A14FBBEE1F78D4A00063B3F7 /* SweepViewController.m in Sources */,
				04A4CFDA21C0D11D006BD945 /* UILabel+Compute.m in Sources */,
				04A4CFCB21C0D11D006BD945 /* NSDictionary+Category.m in Sources */,
				04A4CFD421C0D11D006BD945 /* UIView+SubView.m in Sources */,
				A113287121A3DADC00E0597E /* TestTableViewCell.m in Sources */,
				04A4CFCA21C0D11D006BD945 /* NSString+Extension.m in Sources */,
				A14FBBBE1F78D0C60063B3F7 /* main.m in Sources */,
				04A4CFD621C0D11D006BD945 /* UITabBar+Category.m in Sources */,
				04A4CFC721C0D11D006BD945 /* NSUserDefaults+Category.m in Sources */,
				04A4CFC821C0D11D006BD945 /* NSURL+Category.m in Sources */,
				04A4CFD521C0D11D006BD945 /* UIImage+Category.m in Sources */,
				04A4CFDC21C0D11D006BD945 /* UITableView+EmptyData.m in Sources */,
			);
			runOnlyForDeploymentPostprocessing = 0;
		};
/* End PBXSourcesBuildPhase section */

/* Begin PBXVariantGroup section */
		A14FBBB91F78D0C60063B3F7 /* LaunchScreen.storyboard */ = {
			isa = PBXVariantGroup;
			children = (
				A14FBBBA1F78D0C60063B3F7 /* Base */,
			);
			name = LaunchScreen.storyboard;
			sourceTree = "<group>";
		};
/* End PBXVariantGroup section */

/* Begin XCBuildConfiguration section */
		A14FBBBF1F78D0C60063B3F7 /* Debug */ = {
			isa = XCBuildConfiguration;
			buildSettings = {
				ALWAYS_SEARCH_USER_PATHS = NO;
				CLANG_ANALYZER_NONNULL = YES;
				CLANG_ANALYZER_NUMBER_OBJECT_CONVERSION = YES_AGGRESSIVE;
				CLANG_CXX_LANGUAGE_STANDARD = "gnu++14";
				CLANG_CXX_LIBRARY = "libc++";
				CLANG_ENABLE_MODULES = YES;
				CLANG_ENABLE_OBJC_ARC = YES;
				CLANG_WARN_BLOCK_CAPTURE_AUTORELEASING = YES;
				CLANG_WARN_BOOL_CONVERSION = YES;
				CLANG_WARN_COMMA = YES;
				CLANG_WARN_CONSTANT_CONVERSION = YES;
				CLANG_WARN_DEPRECATED_OBJC_IMPLEMENTATIONS = YES;
				CLANG_WARN_DIRECT_OBJC_ISA_USAGE = YES_ERROR;
				CLANG_WARN_DOCUMENTATION_COMMENTS = YES;
				CLANG_WARN_EMPTY_BODY = YES;
				CLANG_WARN_ENUM_CONVERSION = YES;
				CLANG_WARN_INFINITE_RECURSION = YES;
				CLANG_WARN_INT_CONVERSION = YES;
				CLANG_WARN_NON_LITERAL_NULL_CONVERSION = YES;
				CLANG_WARN_OBJC_IMPLICIT_RETAIN_SELF = YES;
				CLANG_WARN_OBJC_LITERAL_CONVERSION = YES;
				CLANG_WARN_OBJC_ROOT_CLASS = YES_ERROR;
				CLANG_WARN_RANGE_LOOP_ANALYSIS = YES;
				CLANG_WARN_STRICT_PROTOTYPES = YES;
				CLANG_WARN_SUSPICIOUS_MOVE = YES;
				CLANG_WARN_UNGUARDED_AVAILABILITY = YES_AGGRESSIVE;
				CLANG_WARN_UNREACHABLE_CODE = YES;
				CLANG_WARN__DUPLICATE_METHOD_MATCH = YES;
				CODE_SIGN_IDENTITY = "iPhone Developer";
				COPY_PHASE_STRIP = NO;
				DEBUG_INFORMATION_FORMAT = dwarf;
				ENABLE_STRICT_OBJC_MSGSEND = YES;
				ENABLE_TESTABILITY = YES;
				GCC_C_LANGUAGE_STANDARD = gnu11;
				GCC_DYNAMIC_NO_PIC = NO;
				GCC_NO_COMMON_BLOCKS = YES;
				GCC_OPTIMIZATION_LEVEL = 0;
				GCC_PREPROCESSOR_DEFINITIONS = (
					"DEBUG=1",
					"$(inherited)",
				);
				GCC_WARN_64_TO_32_BIT_CONVERSION = YES;
				GCC_WARN_ABOUT_RETURN_TYPE = YES_ERROR;
				GCC_WARN_UNDECLARED_SELECTOR = YES;
				GCC_WARN_UNINITIALIZED_AUTOS = YES_AGGRESSIVE;
				GCC_WARN_UNUSED_FUNCTION = YES;
				GCC_WARN_UNUSED_VARIABLE = YES;
				IPHONEOS_DEPLOYMENT_TARGET = 11.0;
				MTL_ENABLE_DEBUG_INFO = YES;
				ONLY_ACTIVE_ARCH = YES;
				SDKROOT = iphoneos;
			};
			name = Debug;
		};
		A14FBBC01F78D0C60063B3F7 /* Release */ = {
			isa = XCBuildConfiguration;
			buildSettings = {
				ALWAYS_SEARCH_USER_PATHS = NO;
				CLANG_ANALYZER_NONNULL = YES;
				CLANG_ANALYZER_NUMBER_OBJECT_CONVERSION = YES_AGGRESSIVE;
				CLANG_CXX_LANGUAGE_STANDARD = "gnu++14";
				CLANG_CXX_LIBRARY = "libc++";
				CLANG_ENABLE_MODULES = YES;
				CLANG_ENABLE_OBJC_ARC = YES;
				CLANG_WARN_BLOCK_CAPTURE_AUTORELEASING = YES;
				CLANG_WARN_BOOL_CONVERSION = YES;
				CLANG_WARN_COMMA = YES;
				CLANG_WARN_CONSTANT_CONVERSION = YES;
				CLANG_WARN_DEPRECATED_OBJC_IMPLEMENTATIONS = YES;
				CLANG_WARN_DIRECT_OBJC_ISA_USAGE = YES_ERROR;
				CLANG_WARN_DOCUMENTATION_COMMENTS = YES;
				CLANG_WARN_EMPTY_BODY = YES;
				CLANG_WARN_ENUM_CONVERSION = YES;
				CLANG_WARN_INFINITE_RECURSION = YES;
				CLANG_WARN_INT_CONVERSION = YES;
				CLANG_WARN_NON_LITERAL_NULL_CONVERSION = YES;
				CLANG_WARN_OBJC_IMPLICIT_RETAIN_SELF = YES;
				CLANG_WARN_OBJC_LITERAL_CONVERSION = YES;
				CLANG_WARN_OBJC_ROOT_CLASS = YES_ERROR;
				CLANG_WARN_RANGE_LOOP_ANALYSIS = YES;
				CLANG_WARN_STRICT_PROTOTYPES = YES;
				CLANG_WARN_SUSPICIOUS_MOVE = YES;
				CLANG_WARN_UNGUARDED_AVAILABILITY = YES_AGGRESSIVE;
				CLANG_WARN_UNREACHABLE_CODE = YES;
				CLANG_WARN__DUPLICATE_METHOD_MATCH = YES;
				CODE_SIGN_IDENTITY = "iPhone Developer";
				COPY_PHASE_STRIP = NO;
				DEBUG_INFORMATION_FORMAT = "dwarf-with-dsym";
				ENABLE_NS_ASSERTIONS = NO;
				ENABLE_STRICT_OBJC_MSGSEND = YES;
				GCC_C_LANGUAGE_STANDARD = gnu11;
				GCC_NO_COMMON_BLOCKS = YES;
				GCC_WARN_64_TO_32_BIT_CONVERSION = YES;
				GCC_WARN_ABOUT_RETURN_TYPE = YES_ERROR;
				GCC_WARN_UNDECLARED_SELECTOR = YES;
				GCC_WARN_UNINITIALIZED_AUTOS = YES_AGGRESSIVE;
				GCC_WARN_UNUSED_FUNCTION = YES;
				GCC_WARN_UNUSED_VARIABLE = YES;
				IPHONEOS_DEPLOYMENT_TARGET = 11.0;
				MTL_ENABLE_DEBUG_INFO = NO;
				SDKROOT = iphoneos;
				VALIDATE_PRODUCT = YES;
			};
			name = Release;
		};
		A14FBBC21F78D0C60063B3F7 /* Debug */ = {
			isa = XCBuildConfiguration;
			baseConfigurationReference = B6400D8680DD1D1244466BAF /* Pods-Project.debug.xcconfig */;
			buildSettings = {
				ASSETCATALOG_COMPILER_APPICON_NAME = AppIcon;
				CODE_SIGN_STYLE = Automatic;
				DEVELOPMENT_TEAM = 7TFD35SVM8;
				GCC_PRECOMPILE_PREFIX_HEADER = YES;
				GCC_PREFIX_HEADER = "$(SRCROOT)/Project/Other/PrefixHeader.pch";
				INFOPLIST_FILE = "$(SRCROOT)/Project/Other/Info.plist";
				IPHONEOS_DEPLOYMENT_TARGET = 9.0;
				LD_RUNPATH_SEARCH_PATHS = "$(inherited) @executable_path/Frameworks";
				PRODUCT_BUNDLE_IDENTIFIER = HuiFaKeJi.com;
				PRODUCT_NAME = "$(TARGET_NAME)";
				TARGETED_DEVICE_FAMILY = "1,2";
			};
			name = Debug;
		};
		A14FBBC31F78D0C60063B3F7 /* Release */ = {
			isa = XCBuildConfiguration;
			baseConfigurationReference = 4A9F617B8DD73AECB4854DA0 /* Pods-Project.release.xcconfig */;
			buildSettings = {
				ASSETCATALOG_COMPILER_APPICON_NAME = AppIcon;
				CODE_SIGN_STYLE = Automatic;
				DEVELOPMENT_TEAM = 7TFD35SVM8;
				GCC_PRECOMPILE_PREFIX_HEADER = YES;
				GCC_PREFIX_HEADER = "$(SRCROOT)/Project/Other/PrefixHeader.pch";
				INFOPLIST_FILE = "$(SRCROOT)/Project/Other/Info.plist";
				IPHONEOS_DEPLOYMENT_TARGET = 9.0;
				LD_RUNPATH_SEARCH_PATHS = "$(inherited) @executable_path/Frameworks";
				PRODUCT_BUNDLE_IDENTIFIER = HuiFaKeJi.com;
				PRODUCT_NAME = "$(TARGET_NAME)";
				TARGETED_DEVICE_FAMILY = "1,2";
			};
			name = Release;
		};
/* End XCBuildConfiguration section */

/* Begin XCConfigurationList section */
		A14FBBA61F78D0C60063B3F7 /* Build configuration list for PBXProject "Project" */ = {
			isa = XCConfigurationList;
			buildConfigurations = (
				A14FBBBF1F78D0C60063B3F7 /* Debug */,
				A14FBBC01F78D0C60063B3F7 /* Release */,
			);
			defaultConfigurationIsVisible = 0;
			defaultConfigurationName = Release;
		};
		A14FBBC11F78D0C60063B3F7 /* Build configuration list for PBXNativeTarget "Project" */ = {
			isa = XCConfigurationList;
			buildConfigurations = (
				A14FBBC21F78D0C60063B3F7 /* Debug */,
				A14FBBC31F78D0C60063B3F7 /* Release */,
			);
			defaultConfigurationIsVisible = 0;
			defaultConfigurationName = Release;
		};
/* End XCConfigurationList section */
	};
	rootObject = A14FBBA31F78D0C60063B3F7 /* Project object */;
}
